<?xml version="1.0" encoding="UTF-8" standalone="yes" ?>
<CodeBlocks_project_file>
	<FileVersion major="1" minor="6" />
	<Project>
		<Option title="Concept" />
		<Option pch_mode="2" />
		<Option compiler="gcc" />
		<Build>
			<Target title="Win32 - Debug">
				<Option platforms="Windows;" />
				<Option output="..\..\Concept\bin\Concept-d" prefix_auto="1" extension_auto="1" />
				<Option working_dir="..\..\Concept\bin\" />
				<Option object_output="..\..\Concept\obj\Debug\" />
				<Option type="0" />
				<Option compiler="gcc" />
				<Compiler>
					<Add option="-g" />
				</Compiler>
				<Linker>
					<Add library="mingw32" />
					<Add library="SDLmain" />
					<Add library="SDL.dll" />
					<Add library="SDL_ttf.dll" />
					<Add library="opengl32" />
					<Add library="glu32" />
				</Linker>
			</Target>
			<Target title="Win32 - Release">
				<Option platforms="Windows;" />
				<Option output="..\..\Concept\bin\Concept" prefix_auto="1" extension_auto="1" />
				<Option working_dir="..\..\Concept\bin\" />
				<Option object_output="..\..\Concept\obj\Release\" />
				<Option type="0" />
				<Option compiler="gcc" />
				<Compiler>
					<Add option="-O2" />
				</Compiler>
				<Linker>
					<Add option="-s" />
					<Add library="mingw32" />
					<Add library="SDLmain" />
					<Add library="SDL.dll" />
					<Add library="SDL_ttf.dll" />
					<Add library="opengl32" />
					<Add library="glu32" />
				</Linker>
			</Target>
			<Target title="Linux - Debug">
				<Option platforms="Unix;" />
				<Option output="..\..\Concept\bin\Concept-d" prefix_auto="1" extension_auto="1" />
				<Option working_dir="..\..\Concept\bin\" />
				<Option object_output="..\..\Concept\obj\Debug\" />
				<Option type="0" />
				<Option compiler="gcc" />
				<Compiler>
					<Add option="-g" />
				</Compiler>
				<Linker>
+					<Add library="SDL" />
+					<Add library="SDL_ttf" />
+					<Add library="GL" />
+					<Add library="GLU" />
+				</Linker>
			</Target>
			<Target title="Linux - Release">
				<Option platforms="Unix;" />
				<Option output="..\..\Concept\bin\Concept" prefix_auto="1" extension_auto="1" />
				<Option working_dir="..\..\Concept\bin\" />
				<Option object_output="..\..\Concept\obj\Release\" />
				<Option type="0" />
				<Option compiler="gcc" />
				<Compiler>
					<Add option="-O2" />
				</Compiler>
				<Linker>
					<Add option="-s" />
+					<Add library="SDL" />
+					<Add library="SDL_ttf" />
+					<Add library="GL" />
+					<Add library="GLU" />
				</Linker>
			</Target>
		</Build>
		<VirtualTargets>
			<Add alias="All - Debug" targets="Win32 - Debug;Linux - Debug;" />
			<Add alias="All - Release" targets="Win32 - Release;Linux - Release;" />
		</VirtualTargets>
		<Compiler>
			<Add option="-Wall" />
			<Add directory="..\..\Concept\include" />
		</Compiler>
		<Unit filename="..\..\Concept\include\App.h" />
		<Unit filename="..\..\Concept\include\FBO.h" />
		<Unit filename="..\..\Concept\include\FontTexture.h" />
		<Unit filename="..\..\Concept\include\MyFBO.h" />
		<Unit filename="..\..\Concept\include\Window.h" />
		<Unit filename="..\..\Concept\src\App.cpp" />
		<Unit filename="..\..\Concept\src\FBO.cpp" />
		<Unit filename="..\..\Concept\src\FontTexture.cpp" />
		<Unit filename="..\..\Concept\src\MyFBO.cpp" />
		<Unit filename="..\..\Concept\src\Window.cpp" />
		<Unit filename="..\..\Concept\src\main.cpp" />
		<Extensions>
			<code_completion />
			<envvars />
			<debugger />
		</Extensions>
	</Project>
</CodeBlocks_project_file>
