<?xml version="1.0" encoding="UTF-8" standalone="yes" ?>
<CodeBlocks_project_file>
	<FileVersion major="1" minor="6" />
	<Project>
		<Option title="Concept" />
		<Option pch_mode="2" />
		<Option compiler="gcc" />
		<Build>
			<Target title="Debug">
				<Option output="..\..\bin\Concept-d" prefix_auto="1" extension_auto="1" />
				<Option working_dir="..\..\bin\" />
				<Option object_output="..\..\obj\Debug\" />
				<Option type="0" />
				<Option compiler="gcc" />
				<Compiler>
					<Add option="-g" />
				</Compiler>
			</Target>
			<Target title="Release">
				<Option output="..\..\bin\Concept" prefix_auto="1" extension_auto="1" />
				<Option working_dir="..\..\bin\" />
				<Option object_output="..\..\obj\Release\" />
				<Option type="0" />
				<Option compiler="gcc" />
				<Compiler>
					<Add option="-O2" />
				</Compiler>
				<Linker>
					<Add option="-s" />
				</Linker>
			</Target>
		</Build>
		<Compiler>
			<Add option="-Wall" />
			<Add directory="..\..\include" />
			<Add directory="$(#sdl.include)" />
		</Compiler>
		<Linker>
			<Add library="mingw32" />
			<Add library="SDLmain" />
			<Add library="SDL.dll" />
			<Add library="opengl32" />
			<Add library="glu32" />
			<Add directory="$(#sdl.lib)" />
		</Linker>
		<Unit filename="..\..\include\App.h" />
		<Unit filename="..\..\include\FBO.h" />
		<Unit filename="..\..\include\MyFBO.h" />
		<Unit filename="..\..\include\Window.h" />
		<Unit filename="..\..\src\App.cpp" />
		<Unit filename="..\..\src\FBO.cpp" />
		<Unit filename="..\..\src\MyFBO.cpp" />
		<Unit filename="..\..\src\Window.cpp" />
		<Unit filename="..\..\src\main.cpp" />
		<Extensions>
			<code_completion />
			<envvars />
			<debugger />
		</Extensions>
	</Project>
</CodeBlocks_project_file>
